# This file is automatically @generated by Poetry 2.1.3 and should not be changed by hand.

[[package]]
name = "cvc5"
version = "1.2.1"
description = "Python bindings for cvc5 (BSD version)"
optional = false
python-versions = "*"
groups = ["main"]
files = [
    {file = "cvc5-1.2.1-cp310-cp310-macosx_10_13_x86_64.whl", hash = "sha256:b88270fda228c32bb4bc1207d71a33698bc18d9232be83bb793172d27cd554bf"},
    {file = "cvc5-1.2.1-cp310-cp310-macosx_11_0_arm64.whl", hash = "sha256:60ec13f4577acb7ba3655c73636e5dada849c25266a81ebe0ac9d8bf581034db"},
    {file = "cvc5-1.2.1-cp310-cp310-manylinux_2_17_aarch64.manylinux2014_aarch64.whl", hash = "sha256:dfc6a2e11d3ab00cb93ed38b798b2c4ee00e7760e53b84dd5ab2ba17a53f6dff"},
    {file = "cvc5-1.2.1-cp310-cp310-manylinux_2_17_x86_64.manylinux2014_x86_64.whl", hash = "sha256:d7a0141a7d4ce23be14ab27d0d8bb80faef9ad960e0511a7a558dd182aa3685c"},
    {file = "cvc5-1.2.1-cp310-cp310-win_amd64.whl", hash = "sha256:762cb78e5b2af8ec908fb2197ed252427045cd50f47328e4e5312653eba83828"},
    {file = "cvc5-1.2.1-cp311-cp311-macosx_10_13_x86_64.whl", hash = "sha256:6e7e997eeb0e33c5227c1efa1b64d1e0b7add89321ae988cd79e9302b5e8edc2"},
    {file = "cvc5-1.2.1-cp311-cp311-macosx_11_0_arm64.whl", hash = "sha256:014314b4ee13ed1515991c9bf2ce59a5883d98b641ffe48b76f26cc3b03d0ba8"},
    {file = "cvc5-1.2.1-cp311-cp311-manylinux_2_17_aarch64.manylinux2014_aarch64.whl", hash = "sha256:79844ae295a6f1bd5a0d1aabd4632a22000bd852432e4df86d302f529a805af4"},
    {file = "cvc5-1.2.1-cp311-cp311-manylinux_2_17_x86_64.manylinux2014_x86_64.whl", hash = "sha256:ca23cb4ec01510cceb5780048ce6082cbb4704fe1f4a8c3515508936319d9bef"},
    {file = "cvc5-1.2.1-cp311-cp311-win_amd64.whl", hash = "sha256:d3285ed63a7d245266dfe06d84e4e343abd2a7c20f7d7da3ba4fa402c997ac8f"},
    {file = "cvc5-1.2.1-cp312-cp312-macosx_10_13_x86_64.whl", hash = "sha256:294fa1855a93bc7194630c2595f2388c354b41d1ad8e892d8a7d5e1c5338f7ec"},
    {file = "cvc5-1.2.1-cp312-cp312-macosx_11_0_arm64.whl", hash = "sha256:174d53ceb7c74bc4843f3524348290822b95ffaf9124a1d4ca4332bad4123fe4"},
    {file = "cvc5-1.2.1-cp312-cp312-manylinux_2_17_aarch64.manylinux2014_aarch64.whl", hash = "sha256:4e157677bcb0d9437e38330577eeba3c1ddfe0d811532d6dd6689b8799d020fc"},
    {file = "cvc5-1.2.1-cp312-cp312-manylinux_2_17_x86_64.manylinux2014_x86_64.whl", hash = "sha256:96e1d76eff4d30f5c40fdddbee651a3e13e37dc187867c2a0b60fb2b96931ebf"},
    {file = "cvc5-1.2.1-cp312-cp312-win_amd64.whl", hash = "sha256:ebf0b373dc9f8082cec663036c7cbb9b12d4116f2a49719c9d8fe4745c759248"},
    {file = "cvc5-1.2.1-cp313-cp313-macosx_10_13_x86_64.whl", hash = "sha256:94ecda2a6bc9c86b40fc62a0f67fadb9ec942e0b1093dff388811246efe1c2f6"},
    {file = "cvc5-1.2.1-cp313-cp313-macosx_11_0_arm64.whl", hash = "sha256:bbe0521479330a5cec288c16b0081a5fb679156974879b9860d948b0c843a139"},
    {file = "cvc5-1.2.1-cp313-cp313-manylinux_2_17_aarch64.manylinux2014_aarch64.whl", hash = "sha256:dab9c6724d62e19962215867e6354f4ee6ff7f5eeb4c992309f6fbe0be98064f"},
    {file = "cvc5-1.2.1-cp313-cp313-manylinux_2_17_x86_64.manylinux2014_x86_64.whl", hash = "sha256:26c60bfdaabc32c98a167d72de1e3a8985d583f1d8c9b7284f14e28e4f9360e0"},
    {file = "cvc5-1.2.1-cp313-cp313-win_amd64.whl", hash = "sha256:f779a0e55af2c6c301924305be98410d1918c83779461cfb61ebc303d918fd08"},
    {file = "cvc5-1.2.1-cp37-cp37m-macosx_10_13_x86_64.whl", hash = "sha256:a4ed79702e9ea20e1d5326342b629afd835d4c08fc7eb6d5cd4b6574a89ab934"},
    {file = "cvc5-1.2.1-cp37-cp37m-manylinux_2_17_aarch64.manylinux2014_aarch64.whl", hash = "sha256:4b82acfbf8063777c1490bde8cadef53e5f3aa8109318258de560dad1e19c9ee"},
    {file = "cvc5-1.2.1-cp37-cp37m-manylinux_2_17_x86_64.manylinux2014_x86_64.whl", hash = "sha256:add505ee02ce2078002d1bfdf358b74714765076ba13b9d40c1b41a7eba71556"},
    {file = "cvc5-1.2.1-cp37-cp37m-win_amd64.whl", hash = "sha256:392ec2997e65b4e1162ac335dc2dad6610f2e88ede8290789cdf719c9641d6c5"},
    {file = "cvc5-1.2.1-cp38-cp38-macosx_10_13_x86_64.whl", hash = "sha256:9a17cd9c40669bd5c5ee8d1ac40da99a07780a2c741f1399f05bde260df71dad"},
    {file = "cvc5-1.2.1-cp38-cp38-macosx_11_0_arm64.whl", hash = "sha256:412f6f9dc0ebfc91566a1d7c1a7b8aa57c1e95156b56a96003c031b7bca3e135"},
    {file = "cvc5-1.2.1-cp38-cp38-manylinux_2_17_aarch64.manylinux2014_aarch64.whl", hash = "sha256:db6d87f6411ef370b7c57bb9eda09f382f7dea821e4a801f785a7e4b53e10b39"},
    {file = "cvc5-1.2.1-cp38-cp38-manylinux_2_17_x86_64.manylinux2014_x86_64.whl", hash = "sha256:ad1d66b83873129417d607a7d56bcd8c9c69bc7b7b036d2e2fe99ffbe99c1006"},
    {file = "cvc5-1.2.1-cp38-cp38-win_amd64.whl", hash = "sha256:03fca5042a18af302421d21882ece63045b009564e63dc13512f16c0a7c38407"},
    {file = "cvc5-1.2.1-cp39-cp39-macosx_10_13_x86_64.whl", hash = "sha256:2510ac8817e08a72c29a1958c58237060191e93fd2348076e2cbac7d90683584"},
    {file = "cvc5-1.2.1-cp39-cp39-macosx_11_0_arm64.whl", hash = "sha256:226da86cbd7623ddfefc52ece965d7409ec91dfb9279ec7228ce784781a0c21e"},
    {file = "cvc5-1.2.1-cp39-cp39-manylinux_2_17_aarch64.manylinux2014_aarch64.whl", hash = "sha256:358ef6368f2b88197340a43fda1a9b8be46bdf1d23a7f7cd09377e6bedfe9031"},
    {file = "cvc5-1.2.1-cp39-cp39-manylinux_2_17_x86_64.manylinux2014_x86_64.whl", hash = "sha256:9a88042e67eae6a6ba9ce9d024b7f1751d9036d5a2155d353171e591836f1973"},
    {file = "cvc5-1.2.1-cp39-cp39-win_amd64.whl", hash = "sha256:3ba4c1cdbb3236899c0259231d5806efc2c2bf0e7e087febc4123ecdcb41c794"},
    {file = "cvc5-1.2.1-pp310-pypy310_pp73-macosx_10_15_x86_64.whl", hash = "sha256:482e9c20e9457f29c8de06ef61185e28cbf8af467cbfb560743035dcf99d7274"},
    {file = "cvc5-1.2.1-pp310-pypy310_pp73-macosx_11_0_arm64.whl", hash = "sha256:00385a5a8f29e157e98294d9d22dc5030641738bf9487d4f4e3e2e48cbb2a20b"},
    {file = "cvc5-1.2.1-pp310-pypy310_pp73-manylinux_2_17_aarch64.manylinux2014_aarch64.whl", hash = "sha256:62dc4943ceae42328fe78fa12560cac4928f57205d5daa7dc216218b438de4e1"},
    {file = "cvc5-1.2.1-pp310-pypy310_pp73-manylinux_2_17_x86_64.manylinux2014_x86_64.whl", hash = "sha256:a4c5066c7d0c1ca74519188e013b51069d325cc37de21bb6a4ec6e58c52d05c2"},
    {file = "cvc5-1.2.1-pp37-pypy37_pp73-macosx_10_13_x86_64.whl", hash = "sha256:b5b9434c1fd0f9c987c0ce113eaef46d07b4d0e471f97d3c31760e5122ec9ef0"},
    {file = "cvc5-1.2.1-pp37-pypy37_pp73-manylinux_2_17_aarch64.manylinux2014_aarch64.whl", hash = "sha256:54a12f59e71a16c98ca9e48427dac37156f11c2524e7f74a1b832872e3131597"},
    {file = "cvc5-1.2.1-pp37-pypy37_pp73-manylinux_2_17_x86_64.manylinux2014_x86_64.whl", hash = "sha256:28f24fb524605c0f11930b946a3dadc8be6f0c245357ab489a773958ad4598ff"},
    {file = "cvc5-1.2.1-pp38-pypy38_pp73-macosx_10_13_x86_64.whl", hash = "sha256:db05999de9b9f184f1511e981df7a3b532fb71f529fe1fd249a0bbec3f176b5f"},
    {file = "cvc5-1.2.1-pp38-pypy38_pp73-macosx_11_0_arm64.whl", hash = "sha256:7031037e1083f4cb2f29adb77866e5af9b7b9a094569939f70747c8c671a5f7f"},
    {file = "cvc5-1.2.1-pp38-pypy38_pp73-manylinux_2_17_aarch64.manylinux2014_aarch64.whl", hash = "sha256:a242fda77e01da948873149b066db13f98a432ac069cf68382ff39db6e411c04"},
    {file = "cvc5-1.2.1-pp38-pypy38_pp73-manylinux_2_17_x86_64.manylinux2014_x86_64.whl", hash = "sha256:7c2bc5c028f60e216df80dab545b3f3c6fcff24675a9b6c78fe0749861b0d59d"},
    {file = "cvc5-1.2.1-pp39-pypy39_pp73-macosx_10_15_x86_64.whl", hash = "sha256:a6cfda896fae4c89444f89a331961aaa8150b027b2f60b4b14b567ffa339281e"},
    {file = "cvc5-1.2.1-pp39-pypy39_pp73-macosx_11_0_arm64.whl", hash = "sha256:be7151abe6de802aea9d1ee1ecb0c5b60f8b79206d982309ab4831c48343aa2f"},
    {file = "cvc5-1.2.1-pp39-pypy39_pp73-manylinux_2_17_aarch64.manylinux2014_aarch64.whl", hash = "sha256:da88171d3415f4cc50287081ab6b50557b43959ddc7904be7ac7a60cc67a263b"},
    {file = "cvc5-1.2.1-pp39-pypy39_pp73-manylinux_2_17_x86_64.manylinux2014_x86_64.whl", hash = "sha256:b160b64935251035a3d2e6ab629d982196f7849d6b025b15335bc7ad0170526c"},
]

[metadata]
lock-version = "2.1"
python-versions = ">=3.12"
content-hash = "40636e1fcb40e518be5a5df94d38907e64b7a68678c5296ad9c4cd54fd5115b0"
